// !$*UTF8*$!
{
	archiveVersion = 1;
	classes = {
	};
	objectVersion = 56;
	objects = {

/* Begin PBXBuildFile section */
		382DDD6B2C5B9FD200B51037 /* PhotoDataSource.swift in Sources */ = {isa = PBXBuildFile; fileRef = 382DDD6A2C5B9FD200B51037 /* PhotoDataSource.swift */; };
		382DDD6D2C5CFD9C00B51037 /* PhotoCollectionViewCell.swift in Sources */ = {isa = PBXBuildFile; fileRef = 382DDD6C2C5CFD9C00B51037 /* PhotoCollectionViewCell.swift */; };
		3893BD9C2C343D100095F8E0 /* FlickrAPI.swift in Sources */ = {isa = PBXBuildFile; fileRef = 3893BD9B2C343D100095F8E0 /* FlickrAPI.swift */; };
		3893BD9E2C35935C0095F8E0 /* PhotoStore.swift in Sources */ = {isa = PBXBuildFile; fileRef = 3893BD9D2C35935C0095F8E0 /* PhotoStore.swift */; };
		38C3D7802C0895B200A4DC2D /* AppDelegate.swift in Sources */ = {isa = PBXBuildFile; fileRef = 38C3D77F2C0895B200A4DC2D /* AppDelegate.swift */; };
		38C3D7822C0895B200A4DC2D /* SceneDelegate.swift in Sources */ = {isa = PBXBuildFile; fileRef = 38C3D7812C0895B200A4DC2D /* SceneDelegate.swift */; };
		38C3D7872C0895B200A4DC2D /* Base in Resources */ = {isa = PBXBuildFile; fileRef = 38C3D7862C0895B200A4DC2D /* Base */; };
		38C3D7892C0895B600A4DC2D /* Assets.xcassets in Resources */ = {isa = PBXBuildFile; fileRef = 38C3D7882C0895B600A4DC2D /* Assets.xcassets */; };
		38C3D78C2C0895B600A4DC2D /* Base in Resources */ = {isa = PBXBuildFile; fileRef = 38C3D78B2C0895B600A4DC2D /* Base */; };
		38C3D7972C0895B700A4DC2D /* PhotoramaTests.swift in Sources */ = {isa = PBXBuildFile; fileRef = 38C3D7962C0895B700A4DC2D /* PhotoramaTests.swift */; };
		38C3D7A12C0895B700A4DC2D /* PhotoramaUITests.swift in Sources */ = {isa = PBXBuildFile; fileRef = 38C3D7A02C0895B700A4DC2D /* PhotoramaUITests.swift */; };
		38C3D7A32C0895B700A4DC2D /* PhotoramaUITestsLaunchTests.swift in Sources */ = {isa = PBXBuildFile; fileRef = 38C3D7A22C0895B700A4DC2D /* PhotoramaUITestsLaunchTests.swift */; };
		38C3D7B02C0895F400A4DC2D /* PhotosViewController.swift in Sources */ = {isa = PBXBuildFile; fileRef = 38C3D7AF2C0895F400A4DC2D /* PhotosViewController.swift */; };
		38C662702C60E6C30048FCC7 /* ImageStore.swift in Sources */ = {isa = PBXBuildFile; fileRef = 38C6626F2C60E6C30048FCC7 /* ImageStore.swift */; };
		38C662722C60EB7C0048FCC7 /* PhotoInfoViewController.swift in Sources */ = {isa = PBXBuildFile; fileRef = 38C662712C60EB7C0048FCC7 /* PhotoInfoViewController.swift */; };
		38E660392C66252B00DFB705 /* TagsViewController.swift in Sources */ = {isa = PBXBuildFile; fileRef = 38E660382C66252B00DFB705 /* TagsViewController.swift */; };
		38E6603B2C662A5D00DFB705 /* TagDataSource.swift in Sources */ = {isa = PBXBuildFile; fileRef = 38E6603A2C662A5D00DFB705 /* TagDataSource.swift */; };
		6742A9102EB0CFF4001ECCF9 /* Photorama.xcdatamodeld in Sources */ = {isa = PBXBuildFile; fileRef = 6742A90E2EB0CFF4001ECCF9 /* Photorama.xcdatamodeld */; };
		6742A9152EB0D3A1001ECCF9 /* Photo+CoreDataClass.swift in Sources */ = {isa = PBXBuildFile; fileRef = 6742A9132EB0D3A1001ECCF9 /* Photo+CoreDataClass.swift */; };
		6742A9182EB0D802001ECCF9 /* Photo+CoreDataProperties.swift in Sources */ = {isa = PBXBuildFile; fileRef = 6742A9172EB0D802001ECCF9 /* Photo+CoreDataProperties.swift */; };
/* End PBXBuildFile section */

/* Begin PBXContainerItemProxy section */
		38C3D7932C0895B700A4DC2D /* PBXContainerItemProxy */ = {
			isa = PBXContainerItemProxy;
			containerPortal = 38C3D7742C0895B200A4DC2D /* Project object */;
			proxyType = 1;
			remoteGlobalIDString = 38C3D77B2C0895B200A4DC2D;
			remoteInfo = Photorama;
		};
		38C3D79D2C0895B700A4DC2D /* PBXContainerItemProxy */ = {
			isa = PBXContainerItemProxy;
			containerPortal = 38C3D7742C0895B200A4DC2D /* Project object */;
			proxyType = 1;
			remoteGlobalIDString = 38C3D77B2C0895B200A4DC2D;
			remoteInfo = Photorama;
		};
/* End PBXContainerItemProxy section */

/* Begin PBXFileReference section */
		382DDD6A2C5B9FD200B51037 /* PhotoDataSource.swift */ = {isa = PBXFileReference; lastKnownFileType = sourcecode.swift; path = PhotoDataSource.swift; sourceTree = "<group>"; };
		382DDD6C2C5CFD9C00B51037 /* PhotoCollectionViewCell.swift */ = {isa = PBXFileReference; lastKnownFileType = sourcecode.swift; path = PhotoCollectionViewCell.swift; sourceTree = "<group>"; };
		3893BD9B2C343D100095F8E0 /* FlickrAPI.swift */ = {isa = PBXFileReference; lastKnownFileType = sourcecode.swift; path = FlickrAPI.swift; sourceTree = "<group>"; };
		3893BD9D2C35935C0095F8E0 /* PhotoStore.swift */ = {isa = PBXFileReference; lastKnownFileType = sourcecode.swift; path = PhotoStore.swift; sourceTree = "<group>"; };
		38C3D77C2C0895B200A4DC2D /* Photorama.app */ = {isa = PBXFileReference; explicitFileType = wrapper.application; includeInIndex = 0; path = Photorama.app; sourceTree = BUILT_PRODUCTS_DIR; };
		38C3D77F2C0895B200A4DC2D /* AppDelegate.swift */ = {isa = PBXFileReference; lastKnownFileType = sourcecode.swift; path = AppDelegate.swift; sourceTree = "<group>"; };
		38C3D7812C0895B200A4DC2D /* SceneDelegate.swift */ = {isa = PBXFileReference; lastKnownFileType = sourcecode.swift; path = SceneDelegate.swift; sourceTree = "<group>"; };
		38C3D7862C0895B200A4DC2D /* Base */ = {isa = PBXFileReference; lastKnownFileType = file.storyboard; name = Base; path = Base.lproj/Main.storyboard; sourceTree = "<group>"; };
		38C3D7882C0895B600A4DC2D /* Assets.xcassets */ = {isa = PBXFileReference; lastKnownFileType = folder.assetcatalog; path = Assets.xcassets; sourceTree = "<group>"; };
		38C3D78B2C0895B600A4DC2D /* Base */ = {isa = PBXFileReference; lastKnownFileType = file.storyboard; name = Base; path = Base.lproj/LaunchScreen.storyboard; sourceTree = "<group>"; };
		38C3D78D2C0895B600A4DC2D /* Info.plist */ = {isa = PBXFileReference; lastKnownFileType = text.plist.xml; path = Info.plist; sourceTree = "<group>"; };
		38C3D7922C0895B700A4DC2D /* PhotoramaTests.xctest */ = {isa = PBXFileReference; explicitFileType = wrapper.cfbundle; includeInIndex = 0; path = PhotoramaTests.xctest; sourceTree = BUILT_PRODUCTS_DIR; };
		38C3D7962C0895B700A4DC2D /* PhotoramaTests.swift */ = {isa = PBXFileReference; lastKnownFileType = sourcecode.swift; path = PhotoramaTests.swift; sourceTree = "<group>"; };
		38C3D79C2C0895B700A4DC2D /* PhotoramaUITests.xctest */ = {isa = PBXFileReference; explicitFileType = wrapper.cfbundle; includeInIndex = 0; path = PhotoramaUITests.xctest; sourceTree = BUILT_PRODUCTS_DIR; };
		38C3D7A02C0895B700A4DC2D /* PhotoramaUITests.swift */ = {isa = PBXFileReference; lastKnownFileType = sourcecode.swift; path = PhotoramaUITests.swift; sourceTree = "<group>"; };
		38C3D7A22C0895B700A4DC2D /* PhotoramaUITestsLaunchTests.swift */ = {isa = PBXFileReference; lastKnownFileType = sourcecode.swift; path = PhotoramaUITestsLaunchTests.swift; sourceTree = "<group>"; };
		38C3D7AF2C0895F400A4DC2D /* PhotosViewController.swift */ = {isa = PBXFileReference; lastKnownFileType = sourcecode.swift; path = PhotosViewController.swift; sourceTree = "<group>"; };
		38C6626F2C60E6C30048FCC7 /* ImageStore.swift */ = {isa = PBXFileReference; fileEncoding = 4; lastKnownFileType = sourcecode.swift; path = ImageStore.swift; sourceTree = "<group>"; };
		38C662712C60EB7C0048FCC7 /* PhotoInfoViewController.swift */ = {isa = PBXFileReference; lastKnownFileType = sourcecode.swift; path = PhotoInfoViewController.swift; sourceTree = "<group>"; };
		38E660382C66252B00DFB705 /* TagsViewController.swift */ = {isa = PBXFileReference; lastKnownFileType = sourcecode.swift; path = TagsViewController.swift; sourceTree = "<group>"; };
		38E6603A2C662A5D00DFB705 /* TagDataSource.swift */ = {isa = PBXFileReference; lastKnownFileType = sourcecode.swift; path = TagDataSource.swift; sourceTree = "<group>"; };
		6742A90F2EB0CFF4001ECCF9 /* Photorama.xcdatamodel */ = {isa = PBXFileReference; lastKnownFileType = wrapper.xcdatamodel; path = Photorama.xcdatamodel; sourceTree = "<group>"; };
		6742A9132EB0D3A1001ECCF9 /* Photo+CoreDataClass.swift */ = {isa = PBXFileReference; lastKnownFileType = sourcecode.swift; path = "Photo+CoreDataClass.swift"; sourceTree = "<group>"; };
		6742A9172EB0D802001ECCF9 /* Photo+CoreDataProperties.swift */ = {isa = PBXFileReference; lastKnownFileType = sourcecode.swift; path = "Photo+CoreDataProperties.swift"; sourceTree = "<group>"; };
/* End PBXFileReference section */

/* Begin PBXFrameworksBuildPhase section */
		38C3D7792C0895B200A4DC2D /* Frameworks */ = {
			isa = PBXFrameworksBuildPhase;
			buildActionMask = 2147483647;
			files = (
			);
			runOnlyForDeploymentPostprocessing = 0;
		};
		38C3D78F2C0895B700A4DC2D /* Frameworks */ = {
			isa = PBXFrameworksBuildPhase;
			buildActionMask = 2147483647;
			files = (
			);
			runOnlyForDeploymentPostprocessing = 0;
		};
		38C3D7992C0895B700A4DC2D /* Frameworks */ = {
			isa = PBXFrameworksBuildPhase;
			buildActionMask = 2147483647;
			files = (
			);
			runOnlyForDeploymentPostprocessing = 0;
		};
/* End PBXFrameworksBuildPhase section */

/* Begin PBXGroup section */
		38C3D7732C0895B200A4DC2D = {
			isa = PBXGroup;
			children = (
				6742A9172EB0D802001ECCF9 /* Photo+CoreDataProperties.swift */,
				6742A9132EB0D3A1001ECCF9 /* Photo+CoreDataClass.swift */,
				6742A90E2EB0CFF4001ECCF9 /* Photorama.xcdatamodeld */,
				382DDD6C2C5CFD9C00B51037 /* PhotoCollectionViewCell.swift */,
				38C3D77E2C0895B200A4DC2D /* Photorama */,
				38C3D7952C0895B700A4DC2D /* PhotoramaTests */,
				38C3D79F2C0895B700A4DC2D /* PhotoramaUITests */,
				38C3D77D2C0895B200A4DC2D /* Products */,
			);
			sourceTree = "<group>";
		};
		38C3D77D2C0895B200A4DC2D /* Products */ = {
			isa = PBXGroup;
			children = (
				38C3D77C2C0895B200A4DC2D /* Photorama.app */,
				38C3D7922C0895B700A4DC2D /* PhotoramaTests.xctest */,
				38C3D79C2C0895B700A4DC2D /* PhotoramaUITests.xctest */,
			);
			name = Products;
			sourceTree = "<group>";
		};
		38C3D77E2C0895B200A4DC2D /* Photorama */ = {
			isa = PBXGroup;
			children = (
				38C3D7AF2C0895F400A4DC2D /* PhotosViewController.swift */,
				38C662712C60EB7C0048FCC7 /* PhotoInfoViewController.swift */,
				38C6626F2C60E6C30048FCC7 /* ImageStore.swift */,
				3893BD9B2C343D100095F8E0 /* FlickrAPI.swift */,
				3893BD9D2C35935C0095F8E0 /* PhotoStore.swift */,
				38C3D77F2C0895B200A4DC2D /* AppDelegate.swift */,
				38C3D7812C0895B200A4DC2D /* SceneDelegate.swift */,
				38C3D7852C0895B200A4DC2D /* Main.storyboard */,
				38E660382C66252B00DFB705 /* TagsViewController.swift */,
				38E6603A2C662A5D00DFB705 /* TagDataSource.swift */,
				382DDD6A2C5B9FD200B51037 /* PhotoDataSource.swift */,
				38C3D7882C0895B600A4DC2D /* Assets.xcassets */,
				38C3D78A2C0895B600A4DC2D /* LaunchScreen.storyboard */,
				38C3D78D2C0895B600A4DC2D /* Info.plist */,
			);
			path = Photorama;
			sourceTree = "<group>";
		};
		38C3D7952C0895B700A4DC2D /* PhotoramaTests */ = {
			isa = PBXGroup;
			children = (
				38C3D7962C0895B700A4DC2D /* PhotoramaTests.swift */,
			);
			path = PhotoramaTests;
			sourceTree = "<group>";
		};
		38C3D79F2C0895B700A4DC2D /* PhotoramaUITests */ = {
			isa = PBXGroup;
			children = (
				38C3D7A02C0895B700A4DC2D /* PhotoramaUITests.swift */,
				38C3D7A22C0895B700A4DC2D /* PhotoramaUITestsLaunchTests.swift */,
			);
			path = PhotoramaUITests;
			sourceTree = "<group>";
		};
/* End PBXGroup section */

/* Begin PBXNativeTarget section */
		38C3D77B2C0895B200A4DC2D /* Photorama */ = {
			isa = PBXNativeTarget;
			buildConfigurationList = 38C3D7A62C0895B700A4DC2D /* Build configuration list for PBXNativeTarget "Photorama" */;
			buildPhases = (
				38C3D7782C0895B200A4DC2D /* Sources */,
				38C3D7792C0895B200A4DC2D /* Frameworks */,
				38C3D77A2C0895B200A4DC2D /* Resources */,
			);
			buildRules = (
			);
			dependencies = (
			);
			name = Photorama;
			productName = Photorama;
			productReference = 38C3D77C2C0895B200A4DC2D /* Photorama.app */;
			productType = "com.apple.product-type.application";
		};
		38C3D7912C0895B700A4DC2D /* PhotoramaTests */ = {
			isa = PBXNativeTarget;
			buildConfigurationList = 38C3D7A92C0895B700A4DC2D /* Build configuration list for PBXNativeTarget "PhotoramaTests" */;
			buildPhases = (
				38C3D78E2C0895B700A4DC2D /* Sources */,
				38C3D78F2C0895B700A4DC2D /* Frameworks */,
				38C3D7902C0895B700A4DC2D /* Resources */,
			);
			buildRules = (
			);
			dependencies = (
				38C3D7942C0895B700A4DC2D /* PBXTargetDependency */,
			);
			name = PhotoramaTests;
			productName = PhotoramaTests;
			productReference = 38C3D7922C0895B700A4DC2D /* PhotoramaTests.xctest */;
			productType = "com.apple.product-type.bundle.unit-test";
		};
		38C3D79B2C0895B700A4DC2D /* PhotoramaUITests */ = {
			isa = PBXNativeTarget;
			buildConfigurationList = 38C3D7AC2C0895B700A4DC2D /* Build configuration list for PBXNativeTarget "PhotoramaUITests" */;
			buildPhases = (
				38C3D7982C0895B700A4DC2D /* Sources */,
				38C3D7992C0895B700A4DC2D /* Frameworks */,
				38C3D79A2C0895B700A4DC2D /* Resources */,
			);
			buildRules = (
			);
			dependencies = (
				38C3D79E2C0895B700A4DC2D /* PBXTargetDependency */,
			);
			name = PhotoramaUITests;
			productName = PhotoramaUITests;
			productReference = 38C3D79C2C0895B700A4DC2D /* PhotoramaUITests.xctest */;
			productType = "com.apple.product-type.bundle.ui-testing";
		};
/* End PBXNativeTarget section */

/* Begin PBXProject section */
		38C3D7742C0895B200A4DC2D /* Project object */ = {
			isa = PBXProject;
			attributes = {
				BuildIndependentTargetsInParallel = 1;
				LastSwiftUpdateCheck = 1540;
				LastUpgradeCheck = 1540;
				TargetAttributes = {
					38C3D77B2C0895B200A4DC2D = {
						CreatedOnToolsVersion = 15.4;
					};
					38C3D7912C0895B700A4DC2D = {
						CreatedOnToolsVersion = 15.4;
						TestTargetID = 38C3D77B2C0895B200A4DC2D;
					};
					38C3D79B2C0895B700A4DC2D = {
						CreatedOnToolsVersion = 15.4;
						TestTargetID = 38C3D77B2C0895B200A4DC2D;
					};
				};
			};
			buildConfigurationList = 38C3D7772C0895B200A4DC2D /* Build configuration list for PBXProject "Photorama" */;
			compatibilityVersion = "Xcode 14.0";
			developmentRegion = en;
			hasScannedForEncodings = 0;
			knownRegions = (
				en,
				Base,
			);
			mainGroup = 38C3D7732C0895B200A4DC2D;
			productRefGroup = 38C3D77D2C0895B200A4DC2D /* Products */;
			projectDirPath = "";
			projectRoot = "";
			targets = (
				38C3D77B2C0895B200A4DC2D /* Photorama */,
				38C3D7912C0895B700A4DC2D /* PhotoramaTests */,
				38C3D79B2C0895B700A4DC2D /* PhotoramaUITests */,
			);
		};
/* End PBXProject section */

/* Begin PBXResourcesBuildPhase section */
		38C3D77A2C0895B200A4DC2D /* Resources */ = {
			isa = PBXResourcesBuildPhase;
			buildActionMask = 2147483647;
			files = (
				38C3D7892C0895B600A4DC2D /* Assets.xcassets in Resources */,
				38C3D78C2C0895B600A4DC2D /* Base in Resources */,
				38C3D7872C0895B200A4DC2D /* Base in Resources */,
			);
			runOnlyForDeploymentPostprocessing = 0;
		};
		38C3D7902C0895B700A4DC2D /* Resources */ = {
			isa = PBXResourcesBuildPhase;
			buildActionMask = 2147483647;
			files = (
			);
			runOnlyForDeploymentPostprocessing = 0;
		};
		38C3D79A2C0895B700A4DC2D /* Resources */ = {
			isa = PBXResourcesBuildPhase;
			buildActionMask = 2147483647;
			files = (
			);
			runOnlyForDeploymentPostprocessing = 0;
		};
/* End PBXResourcesBuildPhase section */

/* Begin PBXSourcesBuildPhase section */
		38C3D7782C0895B200A4DC2D /* Sources */ = {
			isa = PBXSourcesBuildPhase;
			buildActionMask = 2147483647;
			files = (
				6742A9182EB0D802001ECCF9 /* Photo+CoreDataProperties.swift in Sources */,
				38C662722C60EB7C0048FCC7 /* PhotoInfoViewController.swift in Sources */,
				382DDD6D2C5CFD9C00B51037 /* PhotoCollectionViewCell.swift in Sources */,
				382DDD6B2C5B9FD200B51037 /* PhotoDataSource.swift in Sources */,
				6742A9152EB0D3A1001ECCF9 /* Photo+CoreDataClass.swift in Sources */,
				3893BD9E2C35935C0095F8E0 /* PhotoStore.swift in Sources */,
				38C3D7B02C0895F400A4DC2D /* PhotosViewController.swift in Sources */,
				6742A9102EB0CFF4001ECCF9 /* Photorama.xcdatamodeld in Sources */,
				38E660392C66252B00DFB705 /* TagsViewController.swift in Sources */,
				38C662702C60E6C30048FCC7 /* ImageStore.swift in Sources */,
				38C3D7802C0895B200A4DC2D /* AppDelegate.swift in Sources */,
				38E6603B2C662A5D00DFB705 /* TagDataSource.swift in Sources */,
				38C3D7822C0895B200A4DC2D /* SceneDelegate.swift in Sources */,
				3893BD9C2C343D100095F8E0 /* FlickrAPI.swift in Sources */,
			);
			runOnlyForDeploymentPostprocessing = 0;
		};
		38C3D78E2C0895B700A4DC2D /* Sources */ = {
			isa = PBXSourcesBuildPhase;
			buildActionMask = 2147483647;
			files = (
				38C3D7972C0895B700A4DC2D /* PhotoramaTests.swift in Sources */,
			);
			runOnlyForDeploymentPostprocessing = 0;
		};
		38C3D7982C0895B700A4DC2D /* Sources */ = {
			isa = PBXSourcesBuildPhase;
			buildActionMask = 2147483647;
			files = (
				38C3D7A32C0895B700A4DC2D /* PhotoramaUITestsLaunchTests.swift in Sources */,
				38C3D7A12C0895B700A4DC2D /* PhotoramaUITests.swift in Sources */,
			);
			runOnlyForDeploymentPostprocessing = 0;
		};
/* End PBXSourcesBuildPhase section */

/* Begin PBXTargetDependency section */
		38C3D7942C0895B700A4DC2D /* PBXTargetDependency */ = {
			isa = PBXTargetDependency;
			target = 38C3D77B2C0895B200A4DC2D /* Photorama */;
			targetProxy = 38C3D7932C0895B700A4DC2D /* PBXContainerItemProxy */;
		};
		38C3D79E2C0895B700A4DC2D /* PBXTargetDependency */ = {
			isa = PBXTargetDependency;
			target = 38C3D77B2C0895B200A4DC2D /* Photorama */;
			targetProxy = 38C3D79D2C0895B700A4DC2D /* PBXContainerItemProxy */;
		};
/* End PBXTargetDependency section */

/* Begin PBXVariantGroup section */
		38C3D7852C0895B200A4DC2D /* Main.storyboard */ = {
			isa = PBXVariantGroup;
			children = (
				38C3D7862C0895B200A4DC2D /* Base */,
			);
			name = Main.storyboard;
			sourceTree = "<group>";
		};
		38C3D78A2C0895B600A4DC2D /* LaunchScreen.storyboard */ = {
			isa = PBXVariantGroup;
			children = (
				38C3D78B2C0895B600A4DC2D /* Base */,
			);
			name = LaunchScreen.storyboard;
			sourceTree = "<group>";
		};
/* End PBXVariantGroup section */

/* Begin XCBuildConfiguration section */
		38C3D7A42C0895B700A4DC2D /* Debug */ = {
			isa = XCBuildConfiguration;
			buildSettings = {
				ALWAYS_SEARCH_USER_PATHS = NO;
				ASSETCATALOG_COMPILER_GENERATE_SWIFT_ASSET_SYMBOL_EXTENSIONS = YES;
				CLANG_ANALYZER_NONNULL = YES;
				CLANG_ANALYZER_NUMBER_OBJECT_CONVERSION = YES_AGGRESSIVE;
				CLANG_CXX_LANGUAGE_STANDARD = "gnu++20";
				CLANG_ENABLE_MODULES = YES;
				CLANG_ENABLE_OBJC_ARC = YES;
				CLANG_ENABLE_OBJC_WEAK = YES;
				CLANG_WARN_BLOCK_CAPTURE_AUTORELEASING = YES;
				CLANG_WARN_BOOL_CONVERSION = YES;
				CLANG_WARN_COMMA = YES;
				CLANG_WARN_CONSTANT_CONVERSION = YES;
				CLANG_WARN_DEPRECATED_OBJC_IMPLEMENTATIONS = YES;
				CLANG_WARN_DIRECT_OBJC_ISA_USAGE = YES_ERROR;
				CLANG_WARN_DOCUMENTATION_COMMENTS = YES;
				CLANG_WARN_EMPTY_BODY = YES;
				CLANG_WARN_ENUM_CONVERSION = YES;
				CLANG_WARN_INFINITE_RECURSION = YES;
				CLANG_WARN_INT_CONVERSION = YES;
				CLANG_WARN_NON_LITERAL_NULL_CONVERSION = YES;
				CLANG_WARN_OBJC_IMPLICIT_RETAIN_SELF = YES;
				CLANG_WARN_OBJC_LITERAL_CONVERSION = YES;
				CLANG_WARN_OBJC_ROOT_CLASS = YES_ERROR;
				CLANG_WARN_QUOTED_INCLUDE_IN_FRAMEWORK_HEADER = YES;
				CLANG_WARN_RANGE_LOOP_ANALYSIS = YES;
				CLANG_WARN_STRICT_PROTOTYPES = YES;
				CLANG_WARN_SUSPICIOUS_MOVE = YES;
				CLANG_WARN_UNGUARDED_AVAILABILITY = YES_AGGRESSIVE;
				CLANG_WARN_UNREACHABLE_CODE = YES;
				CLANG_WARN__DUPLICATE_METHOD_MATCH = YES;
				COPY_PHASE_STRIP = NO;
				DEBUG_INFORMATION_FORMAT = dwarf;
				ENABLE_STRICT_OBJC_MSGSEND = YES;
				ENABLE_TESTABILITY = YES;
				ENABLE_USER_SCRIPT_SANDBOXING = YES;
				GCC_C_LANGUAGE_STANDARD = gnu17;
				GCC_DYNAMIC_NO_PIC = NO;
				GCC_NO_COMMON_BLOCKS = YES;
				GCC_OPTIMIZATION_LEVEL = 0;
				GCC_PREPROCESSOR_DEFINITIONS = (
					"DEBUG=1",
					"$(inherited)",
				);
				GCC_WARN_64_TO_32_BIT_CONVERSION = YES;
				GCC_WARN_ABOUT_RETURN_TYPE = YES_ERROR;
				GCC_WARN_UNDECLARED_SELECTOR = YES;
				GCC_WARN_UNINITIALIZED_AUTOS = YES_AGGRESSIVE;
				GCC_WARN_UNUSED_FUNCTION = YES;
				GCC_WARN_UNUSED_VARIABLE = YES;
				IPHONEOS_DEPLOYMENT_TARGET = 17.5;
				LOCALIZATION_PREFERS_STRING_CATALOGS = YES;
				MTL_ENABLE_DEBUG_INFO = INCLUDE_SOURCE;
				MTL_FAST_MATH = YES;
				ONLY_ACTIVE_ARCH = YES;
				SDKROOT = iphoneos;
				SWIFT_ACTIVE_COMPILATION_CONDITIONS = "DEBUG $(inherited)";
				SWIFT_OPTIMIZATION_LEVEL = "-Onone";
			};
			name = Debug;
		};
		38C3D7A52C0895B700A4DC2D /* Release */ = {
			isa = XCBuildConfiguration;
			buildSettings = {
				ALWAYS_SEARCH_USER_PATHS = NO;
				ASSETCATALOG_COMPILER_GENERATE_SWIFT_ASSET_SYMBOL_EXTENSIONS = YES;
				CLANG_ANALYZER_NONNULL = YES;
				CLANG_ANALYZER_NUMBER_OBJECT_CONVERSION = YES_AGGRESSIVE;
				CLANG_CXX_LANGUAGE_STANDARD = "gnu++20";
				CLANG_ENABLE_MODULES = YES;
				CLANG_ENABLE_OBJC_ARC = YES;
				CLANG_ENABLE_OBJC_WEAK = YES;
				CLANG_WARN_BLOCK_CAPTURE_AUTORELEASING = YES;
				CLANG_WARN_BOOL_CONVERSION = YES;
				CLANG_WARN_COMMA = YES;
				CLANG_WARN_CONSTANT_CONVERSION = YES;
				CLANG_WARN_DEPRECATED_OBJC_IMPLEMENTATIONS = YES;
				CLANG_WARN_DIRECT_OBJC_ISA_USAGE = YES_ERROR;
				CLANG_WARN_DOCUMENTATION_COMMENTS = YES;
				CLANG_WARN_EMPTY_BODY = YES;
				CLANG_WARN_ENUM_CONVERSION = YES;
				CLANG_WARN_INFINITE_RECURSION = YES;
				CLANG_WARN_INT_CONVERSION = YES;
				CLANG_WARN_NON_LITERAL_NULL_CONVERSION = YES;
				CLANG_WARN_OBJC_IMPLICIT_RETAIN_SELF = YES;
				CLANG_WARN_OBJC_LITERAL_CONVERSION = YES;
				CLANG_WARN_OBJC_ROOT_CLASS = YES_ERROR;
				CLANG_WARN_QUOTED_INCLUDE_IN_FRAMEWORK_HEADER = YES;
				CLANG_WARN_RANGE_LOOP_ANALYSIS = YES;
				CLANG_WARN_STRICT_PROTOTYPES = YES;
				CLANG_WARN_SUSPICIOUS_MOVE = YES;
				CLANG_WARN_UNGUARDED_AVAILABILITY = YES_AGGRESSIVE;
				CLANG_WARN_UNREACHABLE_CODE = YES;
				CLANG_WARN__DUPLICATE_METHOD_MATCH = YES;
				COPY_PHASE_STRIP = NO;
				DEBUG_INFORMATION_FORMAT = "dwarf-with-dsym";
				ENABLE_NS_ASSERTIONS = NO;
				ENABLE_STRICT_OBJC_MSGSEND = YES;
				ENABLE_USER_SCRIPT_SANDBOXING = YES;
				GCC_C_LANGUAGE_STANDARD = gnu17;
				GCC_NO_COMMON_BLOCKS = YES;
				GCC_WARN_64_TO_32_BIT_CONVERSION = YES;
				GCC_WARN_ABOUT_RETURN_TYPE = YES_ERROR;
				GCC_WARN_UNDECLARED_SELECTOR = YES;
				GCC_WARN_UNINITIALIZED_AUTOS = YES_AGGRESSIVE;
				GCC_WARN_UNUSED_FUNCTION = YES;
				GCC_WARN_UNUSED_VARIABLE = YES;
				IPHONEOS_DEPLOYMENT_TARGET = 17.5;
				LOCALIZATION_PREFERS_STRING_CATALOGS = YES;
				MTL_ENABLE_DEBUG_INFO = NO;
				MTL_FAST_MATH = YES;
				SDKROOT = iphoneos;
				SWIFT_COMPILATION_MODE = wholemodule;
				VALIDATE_PRODUCT = YES;
			};
			name = Release;
		};
		38C3D7A72C0895B700A4DC2D /* Debug */ = {
			isa = XCBuildConfiguration;
			buildSettings = {
				ASSETCATALOG_COMPILER_APPICON_NAME = AppIcon;
				ASSETCATALOG_COMPILER_GLOBAL_ACCENT_COLOR_NAME = AccentColor;
				CODE_SIGN_STYLE = Automatic;
				CURRENT_PROJECT_VERSION = 1;
				DEVELOPMENT_TEAM = ADCUTL8YP7;
				GENERATE_INFOPLIST_FILE = YES;
				INFOPLIST_FILE = Photorama/Info.plist;
				INFOPLIST_KEY_UIApplicationSupportsIndirectInputEvents = YES;
				INFOPLIST_KEY_UILaunchStoryboardName = LaunchScreen;
				INFOPLIST_KEY_UIMainStoryboardFile = Main;
				INFOPLIST_KEY_UISupportedInterfaceOrientations_iPad = "UIInterfaceOrientationPortrait UIInterfaceOrientationPortraitUpsideDown UIInterfaceOrientationLandscapeLeft UIInterfaceOrientationLandscapeRight";
				INFOPLIST_KEY_UISupportedInterfaceOrientations_iPhone = "UIInterfaceOrientationPortrait UIInterfaceOrientationLandscapeLeft UIInterfaceOrientationLandscapeRight";
				LD_RUNPATH_SEARCH_PATHS = (
					"$(inherited)",
					"@executable_path/Frameworks",
				);
				MARKETING_VERSION = 1.0;
				PRODUCT_BUNDLE_IDENTIFIER = com.aentrena.Photorama;
				PRODUCT_NAME = "$(TARGET_NAME)";
				SWIFT_EMIT_LOC_STRINGS = YES;
				SWIFT_VERSION = 5.0;
				TARGETED_DEVICE_FAMILY = "1,2";
			};
			name = Debug;
		};
		38C3D7A82C0895B700A4DC2D /* Release */ = {
			isa = XCBuildConfiguration;
			buildSettings = {
				ASSETCATALOG_COMPILER_APPICON_NAME = AppIcon;
				ASSETCATALOG_COMPILER_GLOBAL_ACCENT_COLOR_NAME = AccentColor;
				CODE_SIGN_STYLE = Automatic;
				CURRENT_PROJECT_VERSION = 1;
				DEVELOPMENT_TEAM = ADCUTL8YP7;
				GENERATE_INFOPLIST_FILE = YES;
				INFOPLIST_FILE = Photorama/Info.plist;
				INFOPLIST_KEY_UIApplicationSupportsIndirectInputEvents = YES;
				INFOPLIST_KEY_UILaunchStoryboardName = LaunchScreen;
				INFOPLIST_KEY_UIMainStoryboardFile = Main;
				INFOPLIST_KEY_UISupportedInterfaceOrientations_iPad = "UIInterfaceOrientationPortrait UIInterfaceOrientationPortraitUpsideDown UIInterfaceOrientationLandscapeLeft UIInterfaceOrientationLandscapeRight";
				INFOPLIST_KEY_UISupportedInterfaceOrientations_iPhone = "UIInterfaceOrientationPortrait UIInterfaceOrientationLandscapeLeft UIInterfaceOrientationLandscapeRight";
				LD_RUNPATH_SEARCH_PATHS = (
					"$(inherited)",
					"@executable_path/Frameworks",
				);
				MARKETING_VERSION = 1.0;
				PRODUCT_BUNDLE_IDENTIFIER = com.aentrena.Photorama;
				PRODUCT_NAME = "$(TARGET_NAME)";
				SWIFT_EMIT_LOC_STRINGS = YES;
				SWIFT_VERSION = 5.0;
				TARGETED_DEVICE_FAMILY = "1,2";
			};
			name = Release;
		};
		38C3D7AA2C0895B700A4DC2D /* Debug */ = {
			isa = XCBuildConfiguration;
			buildSettings = {
				ALWAYS_EMBED_SWIFT_STANDARD_LIBRARIES = YES;
				BUNDLE_LOADER = "$(TEST_HOST)";
				CODE_SIGN_STYLE = Automatic;
				CURRENT_PROJECT_VERSION = 1;
				GENERATE_INFOPLIST_FILE = YES;
				IPHONEOS_DEPLOYMENT_TARGET = 17.5;
				MARKETING_VERSION = 1.0;
				PRODUCT_BUNDLE_IDENTIFIER = com.aentrena.PhotoramaTests;
				PRODUCT_NAME = "$(TARGET_NAME)";
				SWIFT_EMIT_LOC_STRINGS = NO;
				SWIFT_VERSION = 5.0;
				TARGETED_DEVICE_FAMILY = "1,2";
				TEST_HOST = "$(BUILT_PRODUCTS_DIR)/Photorama.app/$(BUNDLE_EXECUTABLE_FOLDER_PATH)/Photorama";
			};
			name = Debug;
		};
		38C3D7AB2C0895B700A4DC2D /* Release */ = {
			isa = XCBuildConfiguration;
			buildSettings = {
				ALWAYS_EMBED_SWIFT_STANDARD_LIBRARIES = YES;
				BUNDLE_LOADER = "$(TEST_HOST)";
				CODE_SIGN_STYLE = Automatic;
				CURRENT_PROJECT_VERSION = 1;
				GENERATE_INFOPLIST_FILE = YES;
				IPHONEOS_DEPLOYMENT_TARGET = 17.5;
				MARKETING_VERSION = 1.0;
				PRODUCT_BUNDLE_IDENTIFIER = com.aentrena.PhotoramaTests;
				PRODUCT_NAME = "$(TARGET_NAME)";
				SWIFT_EMIT_LOC_STRINGS = NO;
				SWIFT_VERSION = 5.0;
				TARGETED_DEVICE_FAMILY = "1,2";
				TEST_HOST = "$(BUILT_PRODUCTS_DIR)/Photorama.app/$(BUNDLE_EXECUTABLE_FOLDER_PATH)/Photorama";
			};
			name = Release;
		};
		38C3D7AD2C0895B700A4DC2D /* Debug */ = {
			isa = XCBuildConfiguration;
			buildSettings = {
				ALWAYS_EMBED_SWIFT_STANDARD_LIBRARIES = YES;
				CODE_SIGN_STYLE = Automatic;
				CURRENT_PROJECT_VERSION = 1;
				GENERATE_INFOPLIST_FILE = YES;
				MARKETING_VERSION = 1.0;
				PRODUCT_BUNDLE_IDENTIFIER = com.aentrena.PhotoramaUITests;
				PRODUCT_NAME = "$(TARGET_NAME)";
				SWIFT_EMIT_LOC_STRINGS = NO;
				SWIFT_VERSION = 5.0;
				TARGETED_DEVICE_FAMILY = "1,2";
				TEST_TARGET_NAME = Photorama;
			};
			name = Debug;
		};
		38C3D7AE2C0895B700A4DC2D /* Release */ = {
			isa = XCBuildConfiguration;
			buildSettings = {
				ALWAYS_EMBED_SWIFT_STANDARD_LIBRARIES = YES;
				CODE_SIGN_STYLE = Automatic;
				CURRENT_PROJECT_VERSION = 1;
				GENERATE_INFOPLIST_FILE = YES;
				MARKETING_VERSION = 1.0;
				PRODUCT_BUNDLE_IDENTIFIER = com.aentrena.PhotoramaUITests;
				PRODUCT_NAME = "$(TARGET_NAME)";
				SWIFT_EMIT_LOC_STRINGS = NO;
				SWIFT_VERSION = 5.0;
				TARGETED_DEVICE_FAMILY = "1,2";
				TEST_TARGET_NAME = Photorama;
			};
			name = Release;
		};
/* End XCBuildConfiguration section */

/* Begin XCConfigurationList section */
		38C3D7772C0895B200A4DC2D /* Build configuration list for PBXProject "Photorama" */ = {
			isa = XCConfigurationList;
			buildConfigurations = (
				38C3D7A42C0895B700A4DC2D /* Debug */,
				38C3D7A52C0895B700A4DC2D /* Release */,
			);
			defaultConfigurationIsVisible = 0;
			defaultConfigurationName = Release;
		};
		38C3D7A62C0895B700A4DC2D /* Build configuration list for PBXNativeTarget "Photorama" */ = {
			isa = XCConfigurationList;
			buildConfigurations = (
				38C3D7A72C0895B700A4DC2D /* Debug */,
				38C3D7A82C0895B700A4DC2D /* Release */,
			);
			defaultConfigurationIsVisible = 0;
			defaultConfigurationName = Release;
		};
		38C3D7A92C0895B700A4DC2D /* Build configuration list for PBXNativeTarget "PhotoramaTests" */ = {
			isa = XCConfigurationList;
			buildConfigurations = (
				38C3D7AA2C0895B700A4DC2D /* Debug */,
				38C3D7AB2C0895B700A4DC2D /* Release */,
			);
			defaultConfigurationIsVisible = 0;
			defaultConfigurationName = Release;
		};
		38C3D7AC2C0895B700A4DC2D /* Build configuration list for PBXNativeTarget "PhotoramaUITests" */ = {
			isa = XCConfigurationList;
			buildConfigurations = (
				38C3D7AD2C0895B700A4DC2D /* Debug */,
				38C3D7AE2C0895B700A4DC2D /* Release */,
			);
			defaultConfigurationIsVisible = 0;
			defaultConfigurationName = Release;
		};
/* End XCConfigurationList section */

/* Begin XCVersionGroup section */
		6742A90E2EB0CFF4001ECCF9 /* Photorama.xcdatamodeld */ = {
			isa = XCVersionGroup;
			children = (
				6742A90F2EB0CFF4001ECCF9 /* Photorama.xcdatamodel */,
			);
			currentVersion = 6742A90F2EB0CFF4001ECCF9 /* Photorama.xcdatamodel */;
			path = Photorama.xcdatamodeld;
			sourceTree = "<group>";
			versionGroupType = wrapper.xcdatamodel;
		};
/* End XCVersionGroup section */
	};
	rootObject = 38C3D7742C0895B200A4DC2D /* Project object */;
}
